
Microsoft Visual Studio Solution File, Format Version 12.00
# Visual Studio Version 16
VisualStudioVersion = 16.0.28803.202
MinimumVisualStudioVersion = 10.0.40219.1
Project("{9A19103F-16F7-4668-BE54-9A1E7A4F7556}") = "GoShortlinks", "GoShortlinks\GoShortlinks.csproj", "{1195B5F5-D89E-428A-B91D-EA2F724F7A7A}"
EndProject
Global
	GlobalSection(SolutionConfigurationPlatforms) = preSolution
		Debug|Any CPU = Debug|Any CPU
		Release|Any CPU = Release|Any CPU
	EndGlobalSection
	GlobalSection(ProjectConfigurationPlatforms) = postSolution
		{1195B5F5-D89E-428A-B91D-EA2F724F7A7A}.Debug|Any CPU.ActiveCfg = Debug|Any CPU
		{1195B5F5-D89E-428A-B91D-EA2F724F7A7A}.Debug|Any CPU.Build.0 = Debug|Any CPU
		{1195B5F5-D89E-428A-B91D-EA2F724F7A7A}.Release|Any CPU.ActiveCfg = Release|Any CPU
		{1195B5F5-D89E-428A-B91D-EA2F724F7A7A}.Release|Any CPU.Build.0 = Release|Any CPU
	EndGlobalSection
	GlobalSection(SolutionProperties) = preSolution
		HideSolutionNode = FALSE
	EndGlobalSection
	GlobalSection(ExtensibilityGlobals) = postSolution
		SolutionGuid = {2EA3B5D1-3DEB-47B2-8367-F090E9126EC2}
	EndGlobalSection
EndGlobal
